// !$*UTF8*$!
{
	archiveVersion = 1;
	classes = {
	};
	objectVersion = 56;
	objects = {

/* Begin PBXBuildFile section */
		914C206D2A2FA75600526CAB /* PomodorroMVVM_Test_Task_App.swift in Sources */ = {isa = PBXBuildFile; fileRef = 914C206C2A2FA75600526CAB /* PomodorroMVVM_Test_Task_App.swift */; };
		914C206F2A2FA75600526CAB /* ContentView.swift in Sources */ = {isa = PBXBuildFile; fileRef = 914C206E2A2FA75600526CAB /* ContentView.swift */; };
		914C20712A2FA75B00526CAB /* Assets.xcassets in Resources */ = {isa = PBXBuildFile; fileRef = 914C20702A2FA75B00526CAB /* Assets.xcassets */; };
		914C20742A2FA75B00526CAB /* Preview Assets.xcassets in Resources */ = {isa = PBXBuildFile; fileRef = 914C20732A2FA75B00526CAB /* Preview Assets.xcassets */; };
		914C207F2A2FC66A00526CAB /* TimerViewModel.swift in Sources */ = {isa = PBXBuildFile; fileRef = 914C207E2A2FC66A00526CAB /* TimerViewModel.swift */; };
/* End PBXBuildFile section */

/* Begin PBXFileReference section */
		914C20692A2FA75600526CAB /* PomodorroMVVM(Test_Task).app */ = {isa = PBXFileReference; explicitFileType = wrapper.application; includeInIndex = 0; path = "PomodorroMVVM(Test_Task).app"; sourceTree = BUILT_PRODUCTS_DIR; };
		914C206C2A2FA75600526CAB /* PomodorroMVVM_Test_Task_App.swift */ = {isa = PBXFileReference; lastKnownFileType = sourcecode.swift; path = PomodorroMVVM_Test_Task_App.swift; sourceTree = "<group>"; };
		914C206E2A2FA75600526CAB /* ContentView.swift */ = {isa = PBXFileReference; lastKnownFileType = sourcecode.swift; path = ContentView.swift; sourceTree = "<group>"; };
		914C20702A2FA75B00526CAB /* Assets.xcassets */ = {isa = PBXFileReference; lastKnownFileType = folder.assetcatalog; path = Assets.xcassets; sourceTree = "<group>"; };
		914C20732A2FA75B00526CAB /* Preview Assets.xcassets */ = {isa = PBXFileReference; lastKnownFileType = folder.assetcatalog; path = "Preview Assets.xcassets"; sourceTree = "<group>"; };
		914C207E2A2FC66A00526CAB /* TimerViewModel.swift */ = {isa = PBXFileReference; lastKnownFileType = sourcecode.swift; path = TimerViewModel.swift; sourceTree = "<group>"; };
/* End PBXFileReference section */

/* Begin PBXFrameworksBuildPhase section */
		914C20662A2FA75600526CAB /* Frameworks */ = {
			isa = PBXFrameworksBuildPhase;
			buildActionMask = 2147483647;
			files = (
			);
			runOnlyForDeploymentPostprocessing = 0;
		};
/* End PBXFrameworksBuildPhase section */

/* Begin PBXGroup section */
		914C20602A2FA75500526CAB = {
			isa = PBXGroup;
			children = (
				914C206B2A2FA75600526CAB /* PomodorroMVVM(Test_Task) */,
				914C206A2A2FA75600526CAB /* Products */,
			);
			sourceTree = "<group>";
		};
		914C206A2A2FA75600526CAB /* Products */ = {
			isa = PBXGroup;
			children = (
				914C20692A2FA75600526CAB /* PomodorroMVVM(Test_Task).app */,
			);
			name = Products;
			sourceTree = "<group>";
		};
		914C206B2A2FA75600526CAB /* PomodorroMVVM(Test_Task) */ = {
			isa = PBXGroup;
			children = (
				91FF50BF2A2FCDF80087E1A1 /* App */,
				91FF50C02A2FCE090087E1A1 /* Sources */,
				91FF50C12A2FCE130087E1A1 /* Resources */,
			);
			path = "PomodorroMVVM(Test_Task)";
			sourceTree = "<group>";
		};
		914C20722A2FA75B00526CAB /* Preview Content */ = {
			isa = PBXGroup;
			children = (
				914C20732A2FA75B00526CAB /* Preview Assets.xcassets */,
			);
			path = "Preview Content";
			sourceTree = "<group>";
		};
		91FF50BD2A2FCDD70087E1A1 /* ViewModel */ = {
			isa = PBXGroup;
			children = (
				914C207E2A2FC66A00526CAB /* TimerViewModel.swift */,
			);
			path = ViewModel;
			sourceTree = "<group>";
		};
		91FF50BE2A2FCDE10087E1A1 /* View */ = {
			isa = PBXGroup;
			children = (
				914C206E2A2FA75600526CAB /* ContentView.swift */,
			);
			path = View;
			sourceTree = "<group>";
		};
		91FF50BF2A2FCDF80087E1A1 /* App */ = {
			isa = PBXGroup;
			children = (
				914C206C2A2FA75600526CAB /* PomodorroMVVM_Test_Task_App.swift */,
			);
			path = App;
			sourceTree = "<group>";
		};
		91FF50C02A2FCE090087E1A1 /* Sources */ = {
			isa = PBXGroup;
			children = (
				91FF50BE2A2FCDE10087E1A1 /* View */,
				91FF50BD2A2FCDD70087E1A1 /* ViewModel */,
			);
			path = Sources;
			sourceTree = "<group>";
		};
		91FF50C12A2FCE130087E1A1 /* Resources */ = {
			isa = PBXGroup;
			children = (
				914C20702A2FA75B00526CAB /* Assets.xcassets */,
				914C20722A2FA75B00526CAB /* Preview Content */,
			);
			path = Resources;
			sourceTree = "<group>";
		};
/* End PBXGroup section */

/* Begin PBXNativeTarget section */
		914C20682A2FA75600526CAB /* PomodorroMVVM(Test_Task) */ = {
			isa = PBXNativeTarget;
			buildConfigurationList = 914C20772A2FA75B00526CAB /* Build configuration list for PBXNativeTarget "PomodorroMVVM(Test_Task)" */;
			buildPhases = (
				914C20652A2FA75600526CAB /* Sources */,
				914C20662A2FA75600526CAB /* Frameworks */,
				914C20672A2FA75600526CAB /* Resources */,
			);
			buildRules = (
			);
			dependencies = (
			);
			name = "PomodorroMVVM(Test_Task)";
			productName = "PomodorroMVVM(Test_Task)";
			productReference = 914C20692A2FA75600526CAB /* PomodorroMVVM(Test_Task).app */;
			productType = "com.apple.product-type.application";
		};
/* End PBXNativeTarget section */

/* Begin PBXProject section */
		914C20612A2FA75500526CAB /* Project object */ = {
			isa = PBXProject;
			attributes = {
				BuildIndependentTargetsInParallel = 1;
				LastSwiftUpdateCheck = 1410;
				LastUpgradeCheck = 1410;
				TargetAttributes = {
					914C20682A2FA75600526CAB = {
						CreatedOnToolsVersion = 14.1;
					};
				};
			};
			buildConfigurationList = 914C20642A2FA75500526CAB /* Build configuration list for PBXProject "PomodorroMVVM(Test_Task)" */;
			compatibilityVersion = "Xcode 14.0";
			developmentRegion = en;
			hasScannedForEncodings = 0;
			knownRegions = (
				en,
				Base,
			);
			mainGroup = 914C20602A2FA75500526CAB;
			productRefGroup = 914C206A2A2FA75600526CAB /* Products */;
			projectDirPath = "";
			projectRoot = "";
			targets = (
				914C20682A2FA75600526CAB /* PomodorroMVVM(Test_Task) */,
			);
		};
/* End PBXProject section */

/* Begin PBXResourcesBuildPhase section */
		914C20672A2FA75600526CAB /* Resources */ = {
			isa = PBXResourcesBuildPhase;
			buildActionMask = 2147483647;
			files = (
				914C20742A2FA75B00526CAB /* Preview Assets.xcassets in Resources */,
				914C20712A2FA75B00526CAB /* Assets.xcassets in Resources */,
			);
			runOnlyForDeploymentPostprocessing = 0;
		};
/* End PBXResourcesBuildPhase section */

/* Begin PBXSourcesBuildPhase section */
		914C20652A2FA75600526CAB /* Sources */ = {
			isa = PBXSourcesBuildPhase;
			buildActionMask = 2147483647;
			files = (
				914C207F2A2FC66A00526CAB /* TimerViewModel.swift in Sources */,
				914C206F2A2FA75600526CAB /* ContentView.swift in Sources */,
				914C206D2A2FA75600526CAB /* PomodorroMVVM_Test_Task_App.swift in Sources */,
			);
			runOnlyForDeploymentPostprocessing = 0;
		};
/* End PBXSourcesBuildPhase section */

/* Begin XCBuildConfiguration section */
		914C20752A2FA75B00526CAB /* Debug */ = {
			isa = XCBuildConfiguration;
			buildSettings = {
				ALWAYS_SEARCH_USER_PATHS = NO;
				CLANG_ANALYZER_NONNULL = YES;
				CLANG_ANALYZER_NUMBER_OBJECT_CONVERSION = YES_AGGRESSIVE;
				CLANG_CXX_LANGUAGE_STANDARD = "gnu++20";
				CLANG_ENABLE_MODULES = YES;
				CLANG_ENABLE_OBJC_ARC = YES;
				CLANG_ENABLE_OBJC_WEAK = YES;
				CLANG_WARN_BLOCK_CAPTURE_AUTORELEASING = YES;
				CLANG_WARN_BOOL_CONVERSION = YES;
				CLANG_WARN_COMMA = YES;
				CLANG_WARN_CONSTANT_CONVERSION = YES;
				CLANG_WARN_DEPRECATED_OBJC_IMPLEMENTATIONS = YES;
				CLANG_WARN_DIRECT_OBJC_ISA_USAGE = YES_ERROR;
				CLANG_WARN_DOCUMENTATION_COMMENTS = YES;
				CLANG_WARN_EMPTY_BODY = YES;
				CLANG_WARN_ENUM_CONVERSION = YES;
				CLANG_WARN_INFINITE_RECURSION = YES;
				CLANG_WARN_INT_CONVERSION = YES;
				CLANG_WARN_NON_LITERAL_NULL_CONVERSION = YES;
				CLANG_WARN_OBJC_IMPLICIT_RETAIN_SELF = YES;
				CLANG_WARN_OBJC_LITERAL_CONVERSION = YES;
				CLANG_WARN_OBJC_ROOT_CLASS = YES_ERROR;
				CLANG_WARN_QUOTED_INCLUDE_IN_FRAMEWORK_HEADER = YES;
				CLANG_WARN_RANGE_LOOP_ANALYSIS = YES;
				CLANG_WARN_STRICT_PROTOTYPES = YES;
				CLANG_WARN_SUSPICIOUS_MOVE = YES;
				CLANG_WARN_UNGUARDED_AVAILABILITY = YES_AGGRESSIVE;
				CLANG_WARN_UNREACHABLE_CODE = YES;
				CLANG_WARN__DUPLICATE_METHOD_MATCH = YES;
				COPY_PHASE_STRIP = NO;
				DEBUG_INFORMATION_FORMAT = dwarf;
				ENABLE_STRICT_OBJC_MSGSEND = YES;
				ENABLE_TESTABILITY = YES;
				GCC_C_LANGUAGE_STANDARD = gnu11;
				GCC_DYNAMIC_NO_PIC = NO;
				GCC_NO_COMMON_BLOCKS = YES;
				GCC_OPTIMIZATION_LEVEL = 0;
				GCC_PREPROCESSOR_DEFINITIONS = (
					"DEBUG=1",
					"$(inherited)",
				);
				GCC_WARN_64_TO_32_BIT_CONVERSION = YES;
				GCC_WARN_ABOUT_RETURN_TYPE = YES_ERROR;
				GCC_WARN_UNDECLARED_SELECTOR = YES;
				GCC_WARN_UNINITIALIZED_AUTOS = YES_AGGRESSIVE;
				GCC_WARN_UNUSED_FUNCTION = YES;
				GCC_WARN_UNUSED_VARIABLE = YES;
				IPHONEOS_DEPLOYMENT_TARGET = 16.1;
				MTL_ENABLE_DEBUG_INFO = INCLUDE_SOURCE;
				MTL_FAST_MATH = YES;
				ONLY_ACTIVE_ARCH = YES;
				SDKROOT = iphoneos;
				SWIFT_ACTIVE_COMPILATION_CONDITIONS = DEBUG;
				SWIFT_OPTIMIZATION_LEVEL = "-Onone";
			};
			name = Debug;
		};
		914C20762A2FA75B00526CAB /* Release */ = {
			isa = XCBuildConfiguration;
			buildSettings = {
				ALWAYS_SEARCH_USER_PATHS = NO;
				CLANG_ANALYZER_NONNULL = YES;
				CLANG_ANALYZER_NUMBER_OBJECT_CONVERSION = YES_AGGRESSIVE;
				CLANG_CXX_LANGUAGE_STANDARD = "gnu++20";
				CLANG_ENABLE_MODULES = YES;
				CLANG_ENABLE_OBJC_ARC = YES;
				CLANG_ENABLE_OBJC_WEAK = YES;
				CLANG_WARN_BLOCK_CAPTURE_AUTORELEASING = YES;
				CLANG_WARN_BOOL_CONVERSION = YES;
				CLANG_WARN_COMMA = YES;
				CLANG_WARN_CONSTANT_CONVERSION = YES;
				CLANG_WARN_DEPRECATED_OBJC_IMPLEMENTATIONS = YES;
				CLANG_WARN_DIRECT_OBJC_ISA_USAGE = YES_ERROR;
				CLANG_WARN_DOCUMENTATION_COMMENTS = YES;
				CLANG_WARN_EMPTY_BODY = YES;
				CLANG_WARN_ENUM_CONVERSION = YES;
				CLANG_WARN_INFINITE_RECURSION = YES;
				CLANG_WARN_INT_CONVERSION = YES;
				CLANG_WARN_NON_LITERAL_NULL_CONVERSION = YES;
				CLANG_WARN_OBJC_IMPLICIT_RETAIN_SELF = YES;
				CLANG_WARN_OBJC_LITERAL_CONVERSION = YES;
				CLANG_WARN_OBJC_ROOT_CLASS = YES_ERROR;
				CLANG_WARN_QUOTED_INCLUDE_IN_FRAMEWORK_HEADER = YES;
				CLANG_WARN_RANGE_LOOP_ANALYSIS = YES;
				CLANG_WARN_STRICT_PROTOTYPES = YES;
				CLANG_WARN_SUSPICIOUS_MOVE = YES;
				CLANG_WARN_UNGUARDED_AVAILABILITY = YES_AGGRESSIVE;
				CLANG_WARN_UNREACHABLE_CODE = YES;
				CLANG_WARN__DUPLICATE_METHOD_MATCH = YES;
				COPY_PHASE_STRIP = NO;
				DEBUG_INFORMATION_FORMAT = "dwarf-with-dsym";
				ENABLE_NS_ASSERTIONS = NO;
				ENABLE_STRICT_OBJC_MSGSEND = YES;
				GCC_C_LANGUAGE_STANDARD = gnu11;
				GCC_NO_COMMON_BLOCKS = YES;
				GCC_WARN_64_TO_32_BIT_CONVERSION = YES;
				GCC_WARN_ABOUT_RETURN_TYPE = YES_ERROR;
				GCC_WARN_UNDECLARED_SELECTOR = YES;
				GCC_WARN_UNINITIALIZED_AUTOS = YES_AGGRESSIVE;
				GCC_WARN_UNUSED_FUNCTION = YES;
				GCC_WARN_UNUSED_VARIABLE = YES;
				IPHONEOS_DEPLOYMENT_TARGET = 16.1;
				MTL_ENABLE_DEBUG_INFO = NO;
				MTL_FAST_MATH = YES;
				SDKROOT = iphoneos;
				SWIFT_COMPILATION_MODE = wholemodule;
				SWIFT_OPTIMIZATION_LEVEL = "-O";
				VALIDATE_PRODUCT = YES;
			};
			name = Release;
		};
		914C20782A2FA75B00526CAB /* Debug */ = {
			isa = XCBuildConfiguration;
			buildSettings = {
				ASSETCATALOG_COMPILER_APPICON_NAME = AppIcon;
				ASSETCATALOG_COMPILER_GLOBAL_ACCENT_COLOR_NAME = AccentColor;
				CODE_SIGN_STYLE = Automatic;
				CURRENT_PROJECT_VERSION = 1;
				DEVELOPMENT_ASSET_PATHS = "\"PomodorroMVVM(Test_Task)/Preview Content\"";
				DEVELOPMENT_TEAM = 66ZXKDA6XW;
				ENABLE_PREVIEWS = YES;
				GENERATE_INFOPLIST_FILE = YES;
				INFOPLIST_KEY_UIApplicationSceneManifest_Generation = YES;
				INFOPLIST_KEY_UIApplicationSupportsIndirectInputEvents = YES;
				INFOPLIST_KEY_UILaunchScreen_Generation = YES;
				INFOPLIST_KEY_UISupportedInterfaceOrientations_iPad = "UIInterfaceOrientationPortrait UIInterfaceOrientationPortraitUpsideDown UIInterfaceOrientationLandscapeLeft UIInterfaceOrientationLandscapeRight";
				INFOPLIST_KEY_UISupportedInterfaceOrientations_iPhone = "UIInterfaceOrientationPortrait UIInterfaceOrientationLandscapeLeft UIInterfaceOrientationLandscapeRight";
				LD_RUNPATH_SEARCH_PATHS = (
					"$(inherited)",
					"@executable_path/Frameworks",
				);
				MARKETING_VERSION = 1.0;
				PRODUCT_BUNDLE_IDENTIFIER = "LA.my.PomodorroMVVM-Test-Task-";
				PRODUCT_NAME = "$(TARGET_NAME)";
				SWIFT_EMIT_LOC_STRINGS = YES;
				SWIFT_VERSION = 5.0;
				TARGETED_DEVICE_FAMILY = "1,2";
			};
			name = Debug;
		};
		914C20792A2FA75B00526CAB /* Release */ = {
			isa = XCBuildConfiguration;
			buildSettings = {
				ASSETCATALOG_COMPILER_APPICON_NAME = AppIcon;
				ASSETCATALOG_COMPILER_GLOBAL_ACCENT_COLOR_NAME = AccentColor;
				CODE_SIGN_STYLE = Automatic;
				CURRENT_PROJECT_VERSION = 1;
				DEVELOPMENT_ASSET_PATHS = "\"PomodorroMVVM(Test_Task)/Preview Content\"";
				DEVELOPMENT_TEAM = 66ZXKDA6XW;
				ENABLE_PREVIEWS = YES;
				GENERATE_INFOPLIST_FILE = YES;
				INFOPLIST_KEY_UIApplicationSceneManifest_Generation = YES;
				INFOPLIST_KEY_UIApplicationSupportsIndirectInputEvents = YES;
				INFOPLIST_KEY_UILaunchScreen_Generation = YES;
				INFOPLIST_KEY_UISupportedInterfaceOrientations_iPad = "UIInterfaceOrientationPortrait UIInterfaceOrientationPortraitUpsideDown UIInterfaceOrientationLandscapeLeft UIInterfaceOrientationLandscapeRight";
				INFOPLIST_KEY_UISupportedInterfaceOrientations_iPhone = "UIInterfaceOrientationPortrait UIInterfaceOrientationLandscapeLeft UIInterfaceOrientationLandscapeRight";
				LD_RUNPATH_SEARCH_PATHS = (
					"$(inherited)",
					"@executable_path/Frameworks",
				);
				MARKETING_VERSION = 1.0;
				PRODUCT_BUNDLE_IDENTIFIER = "LA.my.PomodorroMVVM-Test-Task-";
				PRODUCT_NAME = "$(TARGET_NAME)";
				SWIFT_EMIT_LOC_STRINGS = YES;
				SWIFT_VERSION = 5.0;
				TARGETED_DEVICE_FAMILY = "1,2";
			};
			name = Release;
		};
/* End XCBuildConfiguration section */

/* Begin XCConfigurationList section */
		914C20642A2FA75500526CAB /* Build configuration list for PBXProject "PomodorroMVVM(Test_Task)" */ = {
			isa = XCConfigurationList;
			buildConfigurations = (
				914C20752A2FA75B00526CAB /* Debug */,
				914C20762A2FA75B00526CAB /* Release */,
			);
			defaultConfigurationIsVisible = 0;
			defaultConfigurationName = Release;
		};
		914C20772A2FA75B00526CAB /* Build configuration list for PBXNativeTarget "PomodorroMVVM(Test_Task)" */ = {
			isa = XCConfigurationList;
			buildConfigurations = (
				914C20782A2FA75B00526CAB /* Debug */,
				914C20792A2FA75B00526CAB /* Release */,
			);
			defaultConfigurationIsVisible = 0;
			defaultConfigurationName = Release;
		};
/* End XCConfigurationList section */
	};
	rootObject = 914C20612A2FA75500526CAB /* Project object */;
}
